
Microsoft Visual Studio Solution File, Format Version 12.00
# Visual Studio Version 16
VisualStudioVersion = 16.0.29920.165
MinimumVisualStudioVersion = 10.0.40219.1
Project("{FAE04EC0-301F-11D3-BF4B-00C04F79EFBC}") = "SectionKeyJSON", "SectionKeyJSON\SectionKeyJSON.csproj", "{F4BD06FB-CEC7-4A46-8C3B-14D84C66F54A}"
EndProject
Global
	GlobalSection(SolutionConfigurationPlatforms) = preSolution
		Debug|Any CPU = Debug|Any CPU
		Release|Any CPU = Release|Any CPU
	EndGlobalSection
	GlobalSection(ProjectConfigurationPlatforms) = postSolution
		{F4BD06FB-CEC7-4A46-8C3B-14D84C66F54A}.Debug|Any CPU.ActiveCfg = Debug|Any CPU
		{F4BD06FB-CEC7-4A46-8C3B-14D84C66F54A}.Debug|Any CPU.Build.0 = Debug|Any CPU
		{F4BD06FB-CEC7-4A46-8C3B-14D84C66F54A}.Release|Any CPU.ActiveCfg = Release|Any CPU
		{F4BD06FB-CEC7-4A46-8C3B-14D84C66F54A}.Release|Any CPU.Build.0 = Release|Any CPU
	EndGlobalSection
	GlobalSection(SolutionProperties) = preSolution
		HideSolutionNode = FALSE
	EndGlobalSection
	GlobalSection(ExtensibilityGlobals) = postSolution
		SolutionGuid = {B5BE4683-0DD9-4F9B-9C0E-357DC2110917}
	EndGlobalSection
EndGlobal
